
Microsoft Visual Studio Solution File, Format Version 12.00
# Visual Studio Version 16
VisualStudioVersion = 16.0.31321.278
MinimumVisualStudioVersion = 10.0.40219.1
Project("{FAE04EC0-301F-11D3-BF4B-00C04F79EFBC}") = "CollegeManager", "CollegeManager.csproj", "{1BBCF8E2-93A7-4D10-AAE9-17F59912F722}"
EndProject
Project("{9A19103F-16F7-4668-BE54-9A1E7A4F7556}") = "CollegeServer", "..\CollegeServer\CollegeServer.csproj", "{42EE6188-3C8C-4E26-87A6-972E329406F5}"
EndProject
Global
	GlobalSection(SolutionConfigurationPlatforms) = preSolution
		Debug|Any CPU = Debug|Any CPU
		Release|Any CPU = Release|Any CPU
	EndGlobalSection
	GlobalSection(ProjectConfigurationPlatforms) = postSolution
		{1BBCF8E2-93A7-4D10-AAE9-17F59912F722}.Debug|Any CPU.ActiveCfg = Debug|Any CPU
		{1BBCF8E2-93A7-4D10-AAE9-17F59912F722}.Debug|Any CPU.Build.0 = Debug|Any CPU
		{1BBCF8E2-93A7-4D10-AAE9-17F59912F722}.Release|Any CPU.ActiveCfg = Release|Any CPU
		{1BBCF8E2-93A7-4D10-AAE9-17F59912F722}.Release|Any CPU.Build.0 = Release|Any CPU
		{42EE6188-3C8C-4E26-87A6-972E329406F5}.Debug|Any CPU.ActiveCfg = Debug|Any CPU
		{42EE6188-3C8C-4E26-87A6-972E329406F5}.Debug|Any CPU.Build.0 = Debug|Any CPU
		{42EE6188-3C8C-4E26-87A6-972E329406F5}.Release|Any CPU.ActiveCfg = Release|Any CPU
		{42EE6188-3C8C-4E26-87A6-972E329406F5}.Release|Any CPU.Build.0 = Release|Any CPU
	EndGlobalSection
	GlobalSection(SolutionProperties) = preSolution
		HideSolutionNode = FALSE
	EndGlobalSection
	GlobalSection(ExtensibilityGlobals) = postSolution
		SolutionGuid = {B9AFC9BC-572A-44A1-924F-73E069753B46}
	EndGlobalSection
EndGlobal
